// !$*UTF8*$!
{
	archiveVersion = 1;
	classes = {
	};
	objectVersion = 50;
	objects = {

/* Begin PBXBuildFile section */
		AC9ADF7C2433B9FA00990C8F /* Entities.swift in Sources */ = {isa = PBXBuildFile; fileRef = AC9ADF7B2433B9FA00990C8F /* Entities.swift */; };
		ACC34A5D24324F470072C8C0 /* AppDelegate.swift in Sources */ = {isa = PBXBuildFile; fileRef = ACC34A5C24324F470072C8C0 /* AppDelegate.swift */; };
		ACC34A5F24324F470072C8C0 /* ContentView.swift in Sources */ = {isa = PBXBuildFile; fileRef = ACC34A5E24324F470072C8C0 /* ContentView.swift */; };
		ACC34A6124324F490072C8C0 /* Assets.xcassets in Resources */ = {isa = PBXBuildFile; fileRef = ACC34A6024324F490072C8C0 /* Assets.xcassets */; };
		ACC34A6424324F490072C8C0 /* Preview Assets.xcassets in Resources */ = {isa = PBXBuildFile; fileRef = ACC34A6324324F490072C8C0 /* Preview Assets.xcassets */; };
		ACC34A6724324F490072C8C0 /* Main.storyboard in Resources */ = {isa = PBXBuildFile; fileRef = ACC34A6524324F490072C8C0 /* Main.storyboard */; };
		ACC34A71243250DF0072C8C0 /* Task.swift in Sources */ = {isa = PBXBuildFile; fileRef = ACC34A70243250DF0072C8C0 /* Task.swift */; };
		ACC34A732432514D0072C8C0 /* Station.swift in Sources */ = {isa = PBXBuildFile; fileRef = ACC34A722432514D0072C8C0 /* Station.swift */; };
/* End PBXBuildFile section */

/* Begin PBXFileReference section */
		AC9ADF7B2433B9FA00990C8F /* Entities.swift */ = {isa = PBXFileReference; lastKnownFileType = sourcecode.swift; path = Entities.swift; sourceTree = "<group>"; };
		ACC34A5924324F470072C8C0 /* Syntor.app */ = {isa = PBXFileReference; explicitFileType = wrapper.application; includeInIndex = 0; path = Syntor.app; sourceTree = BUILT_PRODUCTS_DIR; };
		ACC34A5C24324F470072C8C0 /* AppDelegate.swift */ = {isa = PBXFileReference; lastKnownFileType = sourcecode.swift; path = AppDelegate.swift; sourceTree = "<group>"; };
		ACC34A5E24324F470072C8C0 /* ContentView.swift */ = {isa = PBXFileReference; lastKnownFileType = sourcecode.swift; path = ContentView.swift; sourceTree = "<group>"; };
		ACC34A6024324F490072C8C0 /* Assets.xcassets */ = {isa = PBXFileReference; lastKnownFileType = folder.assetcatalog; path = Assets.xcassets; sourceTree = "<group>"; };
		ACC34A6324324F490072C8C0 /* Preview Assets.xcassets */ = {isa = PBXFileReference; lastKnownFileType = folder.assetcatalog; path = "Preview Assets.xcassets"; sourceTree = "<group>"; };
		ACC34A6624324F490072C8C0 /* Base */ = {isa = PBXFileReference; lastKnownFileType = file.storyboard; name = Base; path = Base.lproj/Main.storyboard; sourceTree = "<group>"; };
		ACC34A6824324F490072C8C0 /* Info.plist */ = {isa = PBXFileReference; lastKnownFileType = text.plist.xml; path = Info.plist; sourceTree = "<group>"; };
		ACC34A6924324F490072C8C0 /* Syntor.entitlements */ = {isa = PBXFileReference; lastKnownFileType = text.plist.entitlements; path = Syntor.entitlements; sourceTree = "<group>"; };
		ACC34A70243250DF0072C8C0 /* Task.swift */ = {isa = PBXFileReference; lastKnownFileType = sourcecode.swift; path = Task.swift; sourceTree = "<group>"; };
		ACC34A722432514D0072C8C0 /* Station.swift */ = {isa = PBXFileReference; lastKnownFileType = sourcecode.swift; path = Station.swift; sourceTree = "<group>"; };
/* End PBXFileReference section */

/* Begin PBXFrameworksBuildPhase section */
		ACC34A5624324F470072C8C0 /* Frameworks */ = {
			isa = PBXFrameworksBuildPhase;
			buildActionMask = 2147483647;
			files = (
			);
			runOnlyForDeploymentPostprocessing = 0;
		};
/* End PBXFrameworksBuildPhase section */

/* Begin PBXGroup section */
		AC9ADF7A2433B9D100990C8F /* Station Entities */ = {
			isa = PBXGroup;
			children = (
				AC9ADF7B2433B9FA00990C8F /* Entities.swift */,
			);
			path = "Station Entities";
			sourceTree = "<group>";
		};
		ACC34A5024324F470072C8C0 = {
			isa = PBXGroup;
			children = (
				ACC34A5B24324F470072C8C0 /* Syntor */,
				ACC34A5A24324F470072C8C0 /* Products */,
			);
			sourceTree = "<group>";
		};
		ACC34A5A24324F470072C8C0 /* Products */ = {
			isa = PBXGroup;
			children = (
				ACC34A5924324F470072C8C0 /* Syntor.app */,
			);
			name = Products;
			sourceTree = "<group>";
		};
		ACC34A5B24324F470072C8C0 /* Syntor */ = {
			isa = PBXGroup;
			children = (
				ACC34A5E24324F470072C8C0 /* ContentView.swift */,
				ACC34A6F243250AC0072C8C0 /* Models */,
				ACC34A5C24324F470072C8C0 /* AppDelegate.swift */,
				ACC34A6024324F490072C8C0 /* Assets.xcassets */,
				ACC34A6524324F490072C8C0 /* Main.storyboard */,
				ACC34A6824324F490072C8C0 /* Info.plist */,
				ACC34A6924324F490072C8C0 /* Syntor.entitlements */,
				ACC34A6224324F490072C8C0 /* Preview Content */,
			);
			path = Syntor;
			sourceTree = "<group>";
		};
		ACC34A6224324F490072C8C0 /* Preview Content */ = {
			isa = PBXGroup;
			children = (
				ACC34A6324324F490072C8C0 /* Preview Assets.xcassets */,
			);
			path = "Preview Content";
			sourceTree = "<group>";
		};
		ACC34A6F243250AC0072C8C0 /* Models */ = {
			isa = PBXGroup;
			children = (
				AC9ADF7A2433B9D100990C8F /* Station Entities */,
				ACC34A70243250DF0072C8C0 /* Task.swift */,
				ACC34A722432514D0072C8C0 /* Station.swift */,
			);
			path = Models;
			sourceTree = "<group>";
		};
/* End PBXGroup section */

/* Begin PBXNativeTarget section */
		ACC34A5824324F470072C8C0 /* Syntor */ = {
			isa = PBXNativeTarget;
			buildConfigurationList = ACC34A6C24324F490072C8C0 /* Build configuration list for PBXNativeTarget "Syntor" */;
			buildPhases = (
				ACC34A5524324F470072C8C0 /* Sources */,
				ACC34A5624324F470072C8C0 /* Frameworks */,
				ACC34A5724324F470072C8C0 /* Resources */,
			);
			buildRules = (
			);
			dependencies = (
			);
			name = Syntor;
			productName = Syntor;
			productReference = ACC34A5924324F470072C8C0 /* Syntor.app */;
			productType = "com.apple.product-type.application";
		};
/* End PBXNativeTarget section */

/* Begin PBXProject section */
		ACC34A5124324F470072C8C0 /* Project object */ = {
			isa = PBXProject;
			attributes = {
				LastSwiftUpdateCheck = 1140;
				LastUpgradeCheck = 1140;
				ORGANIZATIONNAME = "Evgenii Pliusnin";
				TargetAttributes = {
					ACC34A5824324F470072C8C0 = {
						CreatedOnToolsVersion = 11.4;
					};
				};
			};
			buildConfigurationList = ACC34A5424324F470072C8C0 /* Build configuration list for PBXProject "Syntor" */;
			compatibilityVersion = "Xcode 9.3";
			developmentRegion = en;
			hasScannedForEncodings = 0;
			knownRegions = (
				en,
				Base,
			);
			mainGroup = ACC34A5024324F470072C8C0;
			productRefGroup = ACC34A5A24324F470072C8C0 /* Products */;
			projectDirPath = "";
			projectRoot = "";
			targets = (
				ACC34A5824324F470072C8C0 /* Syntor */,
			);
		};
/* End PBXProject section */

/* Begin PBXResourcesBuildPhase section */
		ACC34A5724324F470072C8C0 /* Resources */ = {
			isa = PBXResourcesBuildPhase;
			buildActionMask = 2147483647;
			files = (
				ACC34A6724324F490072C8C0 /* Main.storyboard in Resources */,
				ACC34A6424324F490072C8C0 /* Preview Assets.xcassets in Resources */,
				ACC34A6124324F490072C8C0 /* Assets.xcassets in Resources */,
			);
			runOnlyForDeploymentPostprocessing = 0;
		};
/* End PBXResourcesBuildPhase section */

/* Begin PBXSourcesBuildPhase section */
		ACC34A5524324F470072C8C0 /* Sources */ = {
			isa = PBXSourcesBuildPhase;
			buildActionMask = 2147483647;
			files = (
				AC9ADF7C2433B9FA00990C8F /* Entities.swift in Sources */,
				ACC34A5F24324F470072C8C0 /* ContentView.swift in Sources */,
				ACC34A71243250DF0072C8C0 /* Task.swift in Sources */,
				ACC34A732432514D0072C8C0 /* Station.swift in Sources */,
				ACC34A5D24324F470072C8C0 /* AppDelegate.swift in Sources */,
			);
			runOnlyForDeploymentPostprocessing = 0;
		};
/* End PBXSourcesBuildPhase section */

/* Begin PBXVariantGroup section */
		ACC34A6524324F490072C8C0 /* Main.storyboard */ = {
			isa = PBXVariantGroup;
			children = (
				ACC34A6624324F490072C8C0 /* Base */,
			);
			name = Main.storyboard;
			sourceTree = "<group>";
		};
/* End PBXVariantGroup section */

/* Begin XCBuildConfiguration section */
		ACC34A6A24324F490072C8C0 /* Debug */ = {
			isa = XCBuildConfiguration;
			buildSettings = {
				ALWAYS_SEARCH_USER_PATHS = NO;
				CLANG_ANALYZER_NONNULL = YES;
				CLANG_ANALYZER_NUMBER_OBJECT_CONVERSION = YES_AGGRESSIVE;
				CLANG_CXX_LANGUAGE_STANDARD = "gnu++14";
				CLANG_CXX_LIBRARY = "libc++";
				CLANG_ENABLE_MODULES = YES;
				CLANG_ENABLE_OBJC_ARC = YES;
				CLANG_ENABLE_OBJC_WEAK = YES;
				CLANG_WARN_BLOCK_CAPTURE_AUTORELEASING = YES;
				CLANG_WARN_BOOL_CONVERSION = YES;
				CLANG_WARN_COMMA = YES;
				CLANG_WARN_CONSTANT_CONVERSION = YES;
				CLANG_WARN_DEPRECATED_OBJC_IMPLEMENTATIONS = YES;
				CLANG_WARN_DIRECT_OBJC_ISA_USAGE = YES_ERROR;
				CLANG_WARN_DOCUMENTATION_COMMENTS = YES;
				CLANG_WARN_EMPTY_BODY = YES;
				CLANG_WARN_ENUM_CONVERSION = YES;
				CLANG_WARN_INFINITE_RECURSION = YES;
				CLANG_WARN_INT_CONVERSION = YES;
				CLANG_WARN_NON_LITERAL_NULL_CONVERSION = YES;
				CLANG_WARN_OBJC_IMPLICIT_RETAIN_SELF = YES;
				CLANG_WARN_OBJC_LITERAL_CONVERSION = YES;
				CLANG_WARN_OBJC_ROOT_CLASS = YES_ERROR;
				CLANG_WARN_RANGE_LOOP_ANALYSIS = YES;
				CLANG_WARN_STRICT_PROTOTYPES = YES;
				CLANG_WARN_SUSPICIOUS_MOVE = YES;
				CLANG_WARN_UNGUARDED_AVAILABILITY = YES_AGGRESSIVE;
				CLANG_WARN_UNREACHABLE_CODE = YES;
				CLANG_WARN__DUPLICATE_METHOD_MATCH = YES;
				COPY_PHASE_STRIP = NO;
				DEBUG_INFORMATION_FORMAT = dwarf;
				ENABLE_STRICT_OBJC_MSGSEND = YES;
				ENABLE_TESTABILITY = YES;
				GCC_C_LANGUAGE_STANDARD = gnu11;
				GCC_DYNAMIC_NO_PIC = NO;
				GCC_NO_COMMON_BLOCKS = YES;
				GCC_OPTIMIZATION_LEVEL = 0;
				GCC_PREPROCESSOR_DEFINITIONS = (
					"DEBUG=1",
					"$(inherited)",
				);
				GCC_WARN_64_TO_32_BIT_CONVERSION = YES;
				GCC_WARN_ABOUT_RETURN_TYPE = YES_ERROR;
				GCC_WARN_UNDECLARED_SELECTOR = YES;
				GCC_WARN_UNINITIALIZED_AUTOS = YES_AGGRESSIVE;
				GCC_WARN_UNUSED_FUNCTION = YES;
				GCC_WARN_UNUSED_VARIABLE = YES;
				MACOSX_DEPLOYMENT_TARGET = 10.15;
				MTL_ENABLE_DEBUG_INFO = INCLUDE_SOURCE;
				MTL_FAST_MATH = YES;
				ONLY_ACTIVE_ARCH = YES;
				SDKROOT = macosx;
				SWIFT_ACTIVE_COMPILATION_CONDITIONS = DEBUG;
				SWIFT_OPTIMIZATION_LEVEL = "-Onone";
			};
			name = Debug;
		};
		ACC34A6B24324F490072C8C0 /* Release */ = {
			isa = XCBuildConfiguration;
			buildSettings = {
				ALWAYS_SEARCH_USER_PATHS = NO;
				CLANG_ANALYZER_NONNULL = YES;
				CLANG_ANALYZER_NUMBER_OBJECT_CONVERSION = YES_AGGRESSIVE;
				CLANG_CXX_LANGUAGE_STANDARD = "gnu++14";
				CLANG_CXX_LIBRARY = "libc++";
				CLANG_ENABLE_MODULES = YES;
				CLANG_ENABLE_OBJC_ARC = YES;
				CLANG_ENABLE_OBJC_WEAK = YES;
				CLANG_WARN_BLOCK_CAPTURE_AUTORELEASING = YES;
				CLANG_WARN_BOOL_CONVERSION = YES;
				CLANG_WARN_COMMA = YES;
				CLANG_WARN_CONSTANT_CONVERSION = YES;
				CLANG_WARN_DEPRECATED_OBJC_IMPLEMENTATIONS = YES;
				CLANG_WARN_DIRECT_OBJC_ISA_USAGE = YES_ERROR;
				CLANG_WARN_DOCUMENTATION_COMMENTS = YES;
				CLANG_WARN_EMPTY_BODY = YES;
				CLANG_WARN_ENUM_CONVERSION = YES;
				CLANG_WARN_INFINITE_RECURSION = YES;
				CLANG_WARN_INT_CONVERSION = YES;
				CLANG_WARN_NON_LITERAL_NULL_CONVERSION = YES;
				CLANG_WARN_OBJC_IMPLICIT_RETAIN_SELF = YES;
				CLANG_WARN_OBJC_LITERAL_CONVERSION = YES;
				CLANG_WARN_OBJC_ROOT_CLASS = YES_ERROR;
				CLANG_WARN_RANGE_LOOP_ANALYSIS = YES;
				CLANG_WARN_STRICT_PROTOTYPES = YES;
				CLANG_WARN_SUSPICIOUS_MOVE = YES;
				CLANG_WARN_UNGUARDED_AVAILABILITY = YES_AGGRESSIVE;
				CLANG_WARN_UNREACHABLE_CODE = YES;
				CLANG_WARN__DUPLICATE_METHOD_MATCH = YES;
				COPY_PHASE_STRIP = NO;
				DEBUG_INFORMATION_FORMAT = "dwarf-with-dsym";
				ENABLE_NS_ASSERTIONS = NO;
				ENABLE_STRICT_OBJC_MSGSEND = YES;
				GCC_C_LANGUAGE_STANDARD = gnu11;
				GCC_NO_COMMON_BLOCKS = YES;
				GCC_WARN_64_TO_32_BIT_CONVERSION = YES;
				GCC_WARN_ABOUT_RETURN_TYPE = YES_ERROR;
				GCC_WARN_UNDECLARED_SELECTOR = YES;
				GCC_WARN_UNINITIALIZED_AUTOS = YES_AGGRESSIVE;
				GCC_WARN_UNUSED_FUNCTION = YES;
				GCC_WARN_UNUSED_VARIABLE = YES;
				MACOSX_DEPLOYMENT_TARGET = 10.15;
				MTL_ENABLE_DEBUG_INFO = NO;
				MTL_FAST_MATH = YES;
				SDKROOT = macosx;
				SWIFT_COMPILATION_MODE = wholemodule;
				SWIFT_OPTIMIZATION_LEVEL = "-O";
			};
			name = Release;
		};
		ACC34A6D24324F490072C8C0 /* Debug */ = {
			isa = XCBuildConfiguration;
			buildSettings = {
				ASSETCATALOG_COMPILER_APPICON_NAME = AppIcon;
				CODE_SIGN_ENTITLEMENTS = Syntor/Syntor.entitlements;
				CODE_SIGN_STYLE = Automatic;
				COMBINE_HIDPI_IMAGES = YES;
				DEVELOPMENT_ASSET_PATHS = "\"Syntor/Preview Content\"";
				ENABLE_PREVIEWS = YES;
				INFOPLIST_FILE = Syntor/Info.plist;
				LD_RUNPATH_SEARCH_PATHS = (
					"$(inherited)",
					"@executable_path/../Frameworks",
				);
				MACOSX_DEPLOYMENT_TARGET = 10.15;
				PRODUCT_BUNDLE_IDENTIFIER = com.Paboka.Syntor;
				PRODUCT_NAME = "$(TARGET_NAME)";
				SWIFT_VERSION = 5.0;
			};
			name = Debug;
		};
		ACC34A6E24324F490072C8C0 /* Release */ = {
			isa = XCBuildConfiguration;
			buildSettings = {
				ASSETCATALOG_COMPILER_APPICON_NAME = AppIcon;
				CODE_SIGN_ENTITLEMENTS = Syntor/Syntor.entitlements;
				CODE_SIGN_STYLE = Automatic;
				COMBINE_HIDPI_IMAGES = YES;
				DEVELOPMENT_ASSET_PATHS = "\"Syntor/Preview Content\"";
				ENABLE_PREVIEWS = YES;
				INFOPLIST_FILE = Syntor/Info.plist;
				LD_RUNPATH_SEARCH_PATHS = (
					"$(inherited)",
					"@executable_path/../Frameworks",
				);
				MACOSX_DEPLOYMENT_TARGET = 10.15;
				PRODUCT_BUNDLE_IDENTIFIER = com.Paboka.Syntor;
				PRODUCT_NAME = "$(TARGET_NAME)";
				SWIFT_VERSION = 5.0;
			};
			name = Release;
		};
/* End XCBuildConfiguration section */

/* Begin XCConfigurationList section */
		ACC34A5424324F470072C8C0 /* Build configuration list for PBXProject "Syntor" */ = {
			isa = XCConfigurationList;
			buildConfigurations = (
				ACC34A6A24324F490072C8C0 /* Debug */,
				ACC34A6B24324F490072C8C0 /* Release */,
			);
			defaultConfigurationIsVisible = 0;
			defaultConfigurationName = Release;
		};
		ACC34A6C24324F490072C8C0 /* Build configuration list for PBXNativeTarget "Syntor" */ = {
			isa = XCConfigurationList;
			buildConfigurations = (
				ACC34A6D24324F490072C8C0 /* Debug */,
				ACC34A6E24324F490072C8C0 /* Release */,
			);
			defaultConfigurationIsVisible = 0;
			defaultConfigurationName = Release;
		};
/* End XCConfigurationList section */
	};
	rootObject = ACC34A5124324F470072C8C0 /* Project object */;
}
